
Microsoft Visual Studio Solution File, Format Version 12.00
# Visual Studio Version 17
VisualStudioVersion = 17.5.33414.496
MinimumVisualStudioVersion = 10.0.40219.1
Project("{FAE04EC0-301F-11D3-BF4B-00C04F79EFBC}") = "DemoDynatraceWeb", "DemoDynatraceWeb\DemoDynatraceWeb.csproj", "{6964C5C0-D6B7-4BD3-98AF-E14B6A81E677}"
EndProject
Global
	GlobalSection(SolutionConfigurationPlatforms) = preSolution
		Debug|Any CPU = Debug|Any CPU
		Release|Any CPU = Release|Any CPU
	EndGlobalSection
	GlobalSection(ProjectConfigurationPlatforms) = postSolution
		{6964C5C0-D6B7-4BD3-98AF-E14B6A81E677}.Debug|Any CPU.ActiveCfg = Debug|Any CPU
		{6964C5C0-D6B7-4BD3-98AF-E14B6A81E677}.Debug|Any CPU.Build.0 = Debug|Any CPU
		{6964C5C0-D6B7-4BD3-98AF-E14B6A81E677}.Release|Any CPU.ActiveCfg = Release|Any CPU
		{6964C5C0-D6B7-4BD3-98AF-E14B6A81E677}.Release|Any CPU.Build.0 = Release|Any CPU
	EndGlobalSection
	GlobalSection(SolutionProperties) = preSolution
		HideSolutionNode = FALSE
	EndGlobalSection
	GlobalSection(ExtensibilityGlobals) = postSolution
		SolutionGuid = {0AE299EE-949D-4903-BA51-108AE32EDC99}
	EndGlobalSection
EndGlobal
