
Microsoft Visual Studio Solution File, Format Version 12.00
# Visual Studio Version 17
VisualStudioVersion = 17.5.33414.496
MinimumVisualStudioVersion = 10.0.40219.1
Project("{FAE04EC0-301F-11D3-BF4B-00C04F79EFBC}") = "Dynatrace15july2023", "Dynatrace15july2023\Dynatrace15july2023.csproj", "{0A4EA828-679C-4A42-9F76-7EB94E993A02}"
EndProject
Global
	GlobalSection(SolutionConfigurationPlatforms) = preSolution
		Debug|Any CPU = Debug|Any CPU
		Release|Any CPU = Release|Any CPU
	EndGlobalSection
	GlobalSection(ProjectConfigurationPlatforms) = postSolution
		{0A4EA828-679C-4A42-9F76-7EB94E993A02}.Debug|Any CPU.ActiveCfg = Debug|Any CPU
		{0A4EA828-679C-4A42-9F76-7EB94E993A02}.Debug|Any CPU.Build.0 = Debug|Any CPU
		{0A4EA828-679C-4A42-9F76-7EB94E993A02}.Release|Any CPU.ActiveCfg = Release|Any CPU
		{0A4EA828-679C-4A42-9F76-7EB94E993A02}.Release|Any CPU.Build.0 = Release|Any CPU
	EndGlobalSection
	GlobalSection(SolutionProperties) = preSolution
		HideSolutionNode = FALSE
	EndGlobalSection
	GlobalSection(ExtensibilityGlobals) = postSolution
		SolutionGuid = {EA10CD8D-804E-4BDF-AB2E-9DED06B04712}
	EndGlobalSection
EndGlobal
